version = 1
revision = 1
requires-python = "==3.12.*"

[[package]]
name = "annotated-types"
version = "0.7.0"
source = { registry = "https://pypi.org/simple" }
sdist = { url = "https://files.pythonhosted.org/packages/ee/67/531ea369ba64dcff5ec9c3402f9f51bf748cec26dde048a2f973a4eea7f5/annotated_types-0.7.0.tar.gz", hash = "sha256:aff07c09a53a08bc8cfccb9c85b05f1aa9a2a6f23728d790723543408344ce89", size = 16081 }
wheels = [
    { url = "https://files.pythonhosted.org/packages/78/b6/6307fbef88d9b5ee7421e68d78a9f162e0da4900bc5f5793f6d3d0e34fb8/annotated_types-0.7.0-py3-none-any.whl", hash = "sha256:1f02e8b43a8fbbc3f3e0d4f0f4bfc8131bcb4eebe8849b8e5c773f3a1c582a53", size = 13643 },
]

[[package]]
name = "anyio"
version = "4.9.0"
source = { registry = "https://pypi.org/simple" }
dependencies = [
    { name = "idna" },
    { name = "sniffio" },
    { name = "typing-extensions" },
]
sdist = { url = "https://files.pythonhosted.org/packages/95/7d/4c1bd541d4dffa1b52bd83fb8527089e097a106fc90b467a7313b105f840/anyio-4.9.0.tar.gz", hash = "sha256:673c0c244e15788651a4ff38710fea9675823028a6f08a5eda409e0c9840a028", size = 190949 }
wheels = [
    { url = "https://files.pythonhosted.org/packages/a1/ee/48ca1a7c89ffec8b6a0c5d02b89c305671d5ffd8d3c94acf8b8c408575bb/anyio-4.9.0-py3-none-any.whl", hash = "sha256:9f76d541cad6e36af7beb62e978876f3b41e3e04f2c1fbf0884604c0a9c4d93c", size = 100916 },
]

[[package]]
name = "asgiref"
version = "3.8.1"
source = { registry = "https://pypi.org/simple" }
sdist = { url = "https://files.pythonhosted.org/packages/29/38/b3395cc9ad1b56d2ddac9970bc8f4141312dbaec28bc7c218b0dfafd0f42/asgiref-3.8.1.tar.gz", hash = "sha256:c343bd80a0bec947a9860adb4c432ffa7db769836c64238fc34bdc3fec84d590", size = 35186 }
wheels = [
    { url = "https://files.pythonhosted.org/packages/39/e3/893e8757be2612e6c266d9bb58ad2e3651524b5b40cf56761e985a28b13e/asgiref-3.8.1-py3-none-any.whl", hash = "sha256:3e1e3ecc849832fe52ccf2cb6686b7a55f82bb1d6aee72a58826471390335e47", size = 23828 },
]

[[package]]
name = "click"
version = "8.2.1"
source = { registry = "https://pypi.org/simple" }
dependencies = [
    { name = "colorama", marker = "sys_platform == 'win32'" },
]
sdist = { url = "https://files.pythonhosted.org/packages/60/6c/8ca2efa64cf75a977a0d7fac081354553ebe483345c734fb6b6515d96bbc/click-8.2.1.tar.gz", hash = "sha256:27c491cc05d968d271d5a1db13e3b5a184636d9d930f148c50b038f0d0646202", size = 286342 }
wheels = [
    { url = "https://files.pythonhosted.org/packages/85/32/10bb5764d90a8eee674e9dc6f4db6a0ab47c8c4d0d83c27f7c39ac415a4d/click-8.2.1-py3-none-any.whl", hash = "sha256:61a3265b914e850b85317d0b3109c7f8cd35a670f963866005d6ef1d5175a12b", size = 102215 },
]

[[package]]
name = "colorama"
version = "0.4.6"
source = { registry = "https://pypi.org/simple" }
sdist = { url = "https://files.pythonhosted.org/packages/d8/53/6f443c9a4a8358a93a6792e2acffb9d9d5cb0a5cfd8802644b7b1c9a02e4/colorama-0.4.6.tar.gz", hash = "sha256:08695f5cb7ed6e0531a20572697297273c47b8cae5a63ffc6d6ed5c201be6e44", size = 27697 }
wheels = [
    { url = "https://files.pythonhosted.org/packages/d1/d6/3965ed04c63042e047cb6a3e6ed1a63a35087b6a609aa3a15ed8ac56c221/colorama-0.4.6-py2.py3-none-any.whl", hash = "sha256:4f1d9991f5acc0ca119f9d443620b77f9d6b33703e51011c16baf57afb285fc6", size = 25335 },
]

[[package]]
name = "core"
version = "0.1.0"
source = { editable = "../core" }
dependencies = [
    { name = "opentelemetry-api" },
    { name = "opentelemetry-exporter-otlp-proto-grpc" },
    { name = "opentelemetry-sdk" },
    { name = "pydantic" },
]

[package.metadata]
requires-dist = [
    { name = "opentelemetry-api", specifier = ">=1.32.1,<2.0.0" },
    { name = "opentelemetry-exporter-otlp-proto-grpc", specifier = ">=1.32.1,<2.0.0" },
    { name = "opentelemetry-sdk", specifier = ">=1.32.1,<2.0.0" },
    { name = "pydantic", specifier = ">=2.11.3,<3.0.0" },
]

[[package]]
name = "deprecated"
version = "1.2.18"
source = { registry = "https://pypi.org/simple" }
dependencies = [
    { name = "wrapt" },
]
sdist = { url = "https://files.pythonhosted.org/packages/98/97/06afe62762c9a8a86af0cfb7bfdab22a43ad17138b07af5b1a58442690a2/deprecated-1.2.18.tar.gz", hash = "sha256:422b6f6d859da6f2ef57857761bfb392480502a64c3028ca9bbe86085d72115d", size = 2928744 }
wheels = [
    { url = "https://files.pythonhosted.org/packages/6e/c6/ac0b6c1e2d138f1002bcf799d330bd6d85084fece321e662a14223794041/Deprecated-1.2.18-py2.py3-none-any.whl", hash = "sha256:bd5011788200372a32418f888e326a09ff80d0214bd961147cfed01b5c018eec", size = 9998 },
]

[[package]]
name = "fastapi"
version = "0.115.12"
source = { registry = "https://pypi.org/simple" }
dependencies = [
    { name = "pydantic" },
    { name = "starlette" },
    { name = "typing-extensions" },
]
sdist = { url = "https://files.pythonhosted.org/packages/f4/55/ae499352d82338331ca1e28c7f4a63bfd09479b16395dce38cf50a39e2c2/fastapi-0.115.12.tar.gz", hash = "sha256:1e2c2a2646905f9e83d32f04a3f86aff4a286669c6c950ca95b5fd68c2602681", size = 295236 }
wheels = [
    { url = "https://files.pythonhosted.org/packages/50/b3/b51f09c2ba432a576fe63758bddc81f78f0c6309d9e5c10d194313bf021e/fastapi-0.115.12-py3-none-any.whl", hash = "sha256:e94613d6c05e27be7ffebdd6ea5f388112e5e430c8f7d6494a9d1d88d43e814d", size = 95164 },
]

[[package]]
name = "fastapi-core"
version = "0.1.0"
source = { editable = "." }
dependencies = [
    { name = "core" },
    { name = "fastapi" },
    { name = "opentelemetry-api" },
    { name = "opentelemetry-distro" },
    { name = "opentelemetry-exporter-otlp-proto-grpc" },
    { name = "opentelemetry-instrumentation-fastapi" },
    { name = "opentelemetry-sdk" },
    { name = "prometheus-fastapi-instrumentator" },
    { name = "pydantic" },
    { name = "uvicorn" },
]

[package.metadata]
requires-dist = [
    { name = "core", editable = "../core" },
    { name = "fastapi", specifier = ">=0.115.12,<0.116.0" },
    { name = "opentelemetry-api", specifier = ">=1.32.1,<2.0.0" },
    { name = "opentelemetry-distro", specifier = ">=0.53b1,<0.54" },
    { name = "opentelemetry-exporter-otlp-proto-grpc", specifier = ">=1.32.1,<2.0.0" },
    { name = "opentelemetry-instrumentation-fastapi", specifier = ">=0.53b1,<0.54" },
    { name = "opentelemetry-sdk", specifier = ">=1.32.1,<2.0.0" },
    { name = "prometheus-fastapi-instrumentator", specifier = ">=7.1.0,<8.0.0" },
    { name = "pydantic", specifier = ">=2.11.3,<3.0.0" },
    { name = "uvicorn", specifier = ">=0.34.2,<0.35.0" },
]

[[package]]
name = "googleapis-common-protos"
version = "1.70.0"
source = { registry = "https://pypi.org/simple" }
dependencies = [
    { name = "protobuf" },
]
sdist = { url = "https://files.pythonhosted.org/packages/39/24/33db22342cf4a2ea27c9955e6713140fedd51e8b141b5ce5260897020f1a/googleapis_common_protos-1.70.0.tar.gz", hash = "sha256:0e1b44e0ea153e6594f9f394fef15193a68aaaea2d843f83e2742717ca753257", size = 145903 }
wheels = [
    { url = "https://files.pythonhosted.org/packages/86/f1/62a193f0227cf15a920390abe675f386dec35f7ae3ffe6da582d3ade42c7/googleapis_common_protos-1.70.0-py3-none-any.whl", hash = "sha256:b8bfcca8c25a2bb253e0e0b0adaf8c00773e5e6af6fd92397576680b807e0fd8", size = 294530 },
]

[[package]]
name = "grpcio"
version = "1.73.0"
source = { registry = "https://pypi.org/simple" }
sdist = { url = "https://files.pythonhosted.org/packages/8e/7b/ca3f561aeecf0c846d15e1b38921a60dffffd5d4113931198fbf455334ee/grpcio-1.73.0.tar.gz", hash = "sha256:3af4c30918a7f0d39de500d11255f8d9da4f30e94a2033e70fe2a720e184bd8e", size = 12786424 }
wheels = [
    { url = "https://files.pythonhosted.org/packages/9d/4d/e938f3a0e51a47f2ce7e55f12f19f316e7074770d56a7c2765e782ec76bc/grpcio-1.73.0-cp312-cp312-linux_armv7l.whl", hash = "sha256:fb9d7c27089d9ba3746f18d2109eb530ef2a37452d2ff50f5a6696cd39167d3b", size = 5334911 },
    { url = "https://files.pythonhosted.org/packages/13/56/f09c72c43aa8d6f15a71f2c63ebdfac9cf9314363dea2598dc501d8370db/grpcio-1.73.0-cp312-cp312-macosx_11_0_universal2.whl", hash = "sha256:128ba2ebdac41e41554d492b82c34586a90ebd0766f8ebd72160c0e3a57b9155", size = 10601460 },
    { url = "https://files.pythonhosted.org/packages/20/e3/85496edc81e41b3c44ebefffc7bce133bb531120066877df0f910eabfa19/grpcio-1.73.0-cp312-cp312-manylinux_2_17_aarch64.whl", hash = "sha256:068ecc415f79408d57a7f146f54cdf9f0acb4b301a52a9e563973dc981e82f3d", size = 5759191 },
    { url = "https://files.pythonhosted.org/packages/88/cc/fef74270a6d29f35ad744bfd8e6c05183f35074ff34c655a2c80f3b422b2/grpcio-1.73.0-cp312-cp312-manylinux_2_17_i686.manylinux2014_i686.whl", hash = "sha256:6ddc1cfb2240f84d35d559ade18f69dcd4257dbaa5ba0de1a565d903aaab2968", size = 6409961 },
    { url = "https://files.pythonhosted.org/packages/b0/e6/13cfea15e3b8f79c4ae7b676cb21fab70978b0fde1e1d28bb0e073291290/grpcio-1.73.0-cp312-cp312-manylinux_2_17_x86_64.manylinux2014_x86_64.whl", hash = "sha256:e53007f70d9783f53b41b4cf38ed39a8e348011437e4c287eee7dd1d39d54b2f", size = 6003948 },
    { url = "https://files.pythonhosted.org/packages/c2/ed/b1a36dad4cc0dbf1f83f6d7b58825fefd5cc9ff3a5036e46091335649473/grpcio-1.73.0-cp312-cp312-musllinux_1_1_aarch64.whl", hash = "sha256:4dd8d8d092efede7d6f48d695ba2592046acd04ccf421436dd7ed52677a9ad29", size = 6103788 },
    { url = "https://files.pythonhosted.org/packages/e7/c8/d381433d3d46d10f6858126d2d2245ef329e30f3752ce4514c93b95ca6fc/grpcio-1.73.0-cp312-cp312-musllinux_1_1_i686.whl", hash = "sha256:70176093d0a95b44d24baa9c034bb67bfe2b6b5f7ebc2836f4093c97010e17fd", size = 6749508 },
    { url = "https://files.pythonhosted.org/packages/87/0a/ff0c31dbd15e63b34320efafac647270aa88c31aa19ff01154a73dc7ce86/grpcio-1.73.0-cp312-cp312-musllinux_1_1_x86_64.whl", hash = "sha256:085ebe876373ca095e24ced95c8f440495ed0b574c491f7f4f714ff794bbcd10", size = 6284342 },
    { url = "https://files.pythonhosted.org/packages/fd/73/f762430c0ba867403b9d6e463afe026bf019bd9206eee753785239719273/grpcio-1.73.0-cp312-cp312-win32.whl", hash = "sha256:cfc556c1d6aef02c727ec7d0016827a73bfe67193e47c546f7cadd3ee6bf1a60", size = 3669319 },
    { url = "https://files.pythonhosted.org/packages/10/8b/3411609376b2830449cf416f457ad9d2aacb7f562e1b90fdd8bdedf26d63/grpcio-1.73.0-cp312-cp312-win_amd64.whl", hash = "sha256:bbf45d59d090bf69f1e4e1594832aaf40aa84b31659af3c5e2c3f6a35202791a", size = 4335596 },
]

[[package]]
name = "h11"
version = "0.16.0"
source = { registry = "https://pypi.org/simple" }
sdist = { url = "https://files.pythonhosted.org/packages/01/ee/02a2c011bdab74c6fb3c75474d40b3052059d95df7e73351460c8588d963/h11-0.16.0.tar.gz", hash = "sha256:4e35b956cf45792e4caa5885e69fba00bdbc6ffafbfa020300e549b208ee5ff1", size = 101250 }
wheels = [
    { url = "https://files.pythonhosted.org/packages/04/4b/29cac41a4d98d144bf5f6d33995617b185d14b22401f75ca86f384e87ff1/h11-0.16.0-py3-none-any.whl", hash = "sha256:63cf8bbe7522de3bf65932fda1d9c2772064ffb3dae62d55932da54b31cb6c86", size = 37515 },
]

[[package]]
name = "idna"
version = "3.10"
source = { registry = "https://pypi.org/simple" }
sdist = { url = "https://files.pythonhosted.org/packages/f1/70/7703c29685631f5a7590aa73f1f1d3fa9a380e654b86af429e0934a32f7d/idna-3.10.tar.gz", hash = "sha256:12f65c9b470abda6dc35cf8e63cc574b1c52b11df2c86030af0ac09b01b13ea9", size = 190490 }
wheels = [
    { url = "https://files.pythonhosted.org/packages/76/c6/c88e154df9c4e1a2a66ccf0005a88dfb2650c1dffb6f5ce603dfbd452ce3/idna-3.10-py3-none-any.whl", hash = "sha256:946d195a0d259cbba61165e88e65941f16e9b36ea6ddb97f00452bae8b1287d3", size = 70442 },
]

[[package]]
name = "importlib-metadata"
version = "8.6.1"
source = { registry = "https://pypi.org/simple" }
dependencies = [
    { name = "zipp" },
]
sdist = { url = "https://files.pythonhosted.org/packages/33/08/c1395a292bb23fd03bdf572a1357c5a733d3eecbab877641ceacab23db6e/importlib_metadata-8.6.1.tar.gz", hash = "sha256:310b41d755445d74569f993ccfc22838295d9fe005425094fad953d7f15c8580", size = 55767 }
wheels = [
    { url = "https://files.pythonhosted.org/packages/79/9d/0fb148dc4d6fa4a7dd1d8378168d9b4cd8d4560a6fbf6f0121c5fc34eb68/importlib_metadata-8.6.1-py3-none-any.whl", hash = "sha256:02a89390c1e15fdfdc0d7c6b25cb3e62650d0494005c97d6f148bf5b9787525e", size = 26971 },
]

[[package]]
name = "opentelemetry-api"
version = "1.32.1"
source = { registry = "https://pypi.org/simple" }
dependencies = [
    { name = "deprecated" },
    { name = "importlib-metadata" },
]
sdist = { url = "https://files.pythonhosted.org/packages/42/40/2359245cd33641c2736a0136a50813352d72f3fc209de28fb226950db4a1/opentelemetry_api-1.32.1.tar.gz", hash = "sha256:a5be71591694a4d9195caf6776b055aa702e964d961051a0715d05f8632c32fb", size = 64138 }
wheels = [
    { url = "https://files.pythonhosted.org/packages/12/f2/89ea3361a305466bc6460a532188830351220b5f0851a5fa133155c16eca/opentelemetry_api-1.32.1-py3-none-any.whl", hash = "sha256:bbd19f14ab9f15f0e85e43e6a958aa4cb1f36870ee62b7fd205783a112012724", size = 65287 },
]

[[package]]
name = "opentelemetry-distro"
version = "0.53b1"
source = { registry = "https://pypi.org/simple" }
dependencies = [
    { name = "opentelemetry-api" },
    { name = "opentelemetry-instrumentation" },
    { name = "opentelemetry-sdk" },
]
sdist = { url = "https://files.pythonhosted.org/packages/71/b4/51e956549c3d17ae9bcfaff6fcfb3ebaa547048de29164bc60e4e98e2f01/opentelemetry_distro-0.53b1.tar.gz", hash = "sha256:e01466aadfbebf01cb27c571186636f9fe40920740dcccdde9da3093d6b2af2d", size = 2595 }
wheels = [
    { url = "https://files.pythonhosted.org/packages/2f/1e/fdfb4b624152cd4d58b74e97525ab5cc757d2e41bfe463346431a601bb77/opentelemetry_distro-0.53b1-py3-none-any.whl", hash = "sha256:3d24b6fd4b2c45c450c711932e2813dc13dba25772bb7da77cac56454a52a8ea", size = 3350 },
]

[[package]]
name = "opentelemetry-exporter-otlp-proto-common"
version = "1.32.1"
source = { registry = "https://pypi.org/simple" }
dependencies = [
    { name = "opentelemetry-proto" },
]
sdist = { url = "https://files.pythonhosted.org/packages/10/a1/466fad0e6a21709f0502ff346545a3d81bc8121b2d87357f74c8a3bc856e/opentelemetry_exporter_otlp_proto_common-1.32.1.tar.gz", hash = "sha256:da4edee4f24aaef109bfe924efad3a98a2e27c91278115505b298ee61da5d68e", size = 20623 }
wheels = [
    { url = "https://files.pythonhosted.org/packages/72/1a/a51584a8b13cd9d4cb0d8f14f2164d0cf1a1bd1e5d7c81b7974fde2fb47b/opentelemetry_exporter_otlp_proto_common-1.32.1-py3-none-any.whl", hash = "sha256:a1e9ad3d0d9a9405c7ff8cdb54ba9b265da16da9844fe36b8c9661114b56c5d9", size = 18816 },
]

[[package]]
name = "opentelemetry-exporter-otlp-proto-grpc"
version = "1.32.1"
source = { registry = "https://pypi.org/simple" }
dependencies = [
    { name = "deprecated" },
    { name = "googleapis-common-protos" },
    { name = "grpcio" },
    { name = "opentelemetry-api" },
    { name = "opentelemetry-exporter-otlp-proto-common" },
    { name = "opentelemetry-proto" },
    { name = "opentelemetry-sdk" },
]
sdist = { url = "https://files.pythonhosted.org/packages/3c/4d/41cfc943d6417b92fc1deb47657b62f344e4366457d02df9081bb02d5909/opentelemetry_exporter_otlp_proto_grpc-1.32.1.tar.gz", hash = "sha256:e01157104c9f5d81fb404b66db0653a75ec606754445491c831301480c2a3950", size = 22555 }
wheels = [
    { url = "https://files.pythonhosted.org/packages/ef/02/37ad560b12b8dfab8f1a08ca1884b5759ffde133f20d966614a9dd904d1b/opentelemetry_exporter_otlp_proto_grpc-1.32.1-py3-none-any.whl", hash = "sha256:18f0bb17a732e73840eee562b760a40b6af6a4ab3e852bccf625c5fb04fbd2cd", size = 18591 },
]

[[package]]
name = "opentelemetry-instrumentation"
version = "0.53b1"
source = { registry = "https://pypi.org/simple" }
dependencies = [
    { name = "opentelemetry-api" },
    { name = "opentelemetry-semantic-conventions" },
    { name = "packaging" },
    { name = "wrapt" },
]
sdist = { url = "https://files.pythonhosted.org/packages/5a/84/d778d8900c5694727516af205f84fa646fad4fb9bef6b2d21ba361ff25aa/opentelemetry_instrumentation-0.53b1.tar.gz", hash = "sha256:0e69ca2c75727e8a300de671c4a2ec0e86e63a8e906beaa5d6c9f5228e8687e5", size = 28175 }
wheels = [
    { url = "https://files.pythonhosted.org/packages/3f/5e/1897e0cb579f4a215c42316021a52f588eaee4d008477e85b3ca9fa792c4/opentelemetry_instrumentation-0.53b1-py3-none-any.whl", hash = "sha256:c07850cecfbc51e8b357f56d5886ae5ccaa828635b220d0f5e78f941ea9a83ca", size = 30814 },
]

[[package]]
name = "opentelemetry-instrumentation-asgi"
version = "0.53b1"
source = { registry = "https://pypi.org/simple" }
dependencies = [
    { name = "asgiref" },
    { name = "opentelemetry-api" },
    { name = "opentelemetry-instrumentation" },
    { name = "opentelemetry-semantic-conventions" },
    { name = "opentelemetry-util-http" },
]
sdist = { url = "https://files.pythonhosted.org/packages/21/a7/bba046a42000ef20fa6a8dd0be2e7c15c7dd0d1aad7d886afcb8ca35a4f1/opentelemetry_instrumentation_asgi-0.53b1.tar.gz", hash = "sha256:74b7a023787c574f2dd5ed9376e5b921c14501ba1b281ec8527eaadc442563e7", size = 24231 }
wheels = [
    { url = "https://files.pythonhosted.org/packages/6c/b1/fb7bef68b08025659d6fe90839e38603c79c77c4b6af53f82f8fb66a1a2a/opentelemetry_instrumentation_asgi-0.53b1-py3-none-any.whl", hash = "sha256:5f8422eff0a9e3ecb052a8726335925610bb9bd7bb1acf1619c2c28dc3c04842", size = 16337 },
]

[[package]]
name = "opentelemetry-instrumentation-fastapi"
version = "0.53b1"
source = { registry = "https://pypi.org/simple" }
dependencies = [
    { name = "opentelemetry-api" },
    { name = "opentelemetry-instrumentation" },
    { name = "opentelemetry-instrumentation-asgi" },
    { name = "opentelemetry-semantic-conventions" },
    { name = "opentelemetry-util-http" },
]
sdist = { url = "https://files.pythonhosted.org/packages/2f/65/75298953a469e9abe8ee2e5d2ff116a75d130313812697de74336374a43f/opentelemetry_instrumentation_fastapi-0.53b1.tar.gz", hash = "sha256:24e98ddd1bd8164069e68e36c47bb729fefb0a851e6dd520f4fc81c3bbc54147", size = 19321 }
wheels = [
    { url = "https://files.pythonhosted.org/packages/01/06/b996a3b1f243938ebff7ca1a2290174a155c98791ff6f2e5db50bce0a1a2/opentelemetry_instrumentation_fastapi-0.53b1-py3-none-any.whl", hash = "sha256:f8ed5b65e9086b86caeae191fcf798ec7b47469ac7f0341461acc03886278741", size = 12125 },
]

[[package]]
name = "opentelemetry-proto"
version = "1.32.1"
source = { registry = "https://pypi.org/simple" }
dependencies = [
    { name = "protobuf" },
]
sdist = { url = "https://files.pythonhosted.org/packages/31/9b/17f31b0dff06b21fc30bf032ce3f3d443391d3f5cebb65b4d680c4e770c4/opentelemetry_proto-1.32.1.tar.gz", hash = "sha256:bc6385ccf87768f029371535312071a2d09e6c9ebf119ac17dbc825a6a56ba53", size = 34360 }
wheels = [
    { url = "https://files.pythonhosted.org/packages/a5/89/16a40a3c64611cb32509751ef6370e3e96c24a39ba493b4d67f5671ef4c1/opentelemetry_proto-1.32.1-py3-none-any.whl", hash = "sha256:fe56df31033ab0c40af7525f8bf4c487313377bbcfdf94184b701a8ccebc800e", size = 55854 },
]

[[package]]
name = "opentelemetry-sdk"
version = "1.32.1"
source = { registry = "https://pypi.org/simple" }
dependencies = [
    { name = "opentelemetry-api" },
    { name = "opentelemetry-semantic-conventions" },
    { name = "typing-extensions" },
]
sdist = { url = "https://files.pythonhosted.org/packages/a3/65/2069caef9257fae234ca0040d945c741aa7afbd83a7298ee70fc0bc6b6f4/opentelemetry_sdk-1.32.1.tar.gz", hash = "sha256:8ef373d490961848f525255a42b193430a0637e064dd132fd2a014d94792a092", size = 161044 }
wheels = [
    { url = "https://files.pythonhosted.org/packages/dc/00/d3976cdcb98027aaf16f1e980e54935eb820872792f0eaedd4fd7abb5964/opentelemetry_sdk-1.32.1-py3-none-any.whl", hash = "sha256:bba37b70a08038613247bc42beee5a81b0ddca422c7d7f1b097b32bf1c7e2f17", size = 118989 },
]

[[package]]
name = "opentelemetry-semantic-conventions"
version = "0.53b1"
source = { registry = "https://pypi.org/simple" }
dependencies = [
    { name = "deprecated" },
    { name = "opentelemetry-api" },
]
sdist = { url = "https://files.pythonhosted.org/packages/5e/b6/3c56e22e9b51bcb89edab30d54830958f049760bbd9ab0a759cece7bca88/opentelemetry_semantic_conventions-0.53b1.tar.gz", hash = "sha256:4c5a6fede9de61211b2e9fc1e02e8acacce882204cd770177342b6a3be682992", size = 114350 }
wheels = [
    { url = "https://files.pythonhosted.org/packages/27/6b/a8fb94760ef8da5ec283e488eb43235eac3ae7514385a51b6accf881e671/opentelemetry_semantic_conventions-0.53b1-py3-none-any.whl", hash = "sha256:21df3ed13f035f8f3ea42d07cbebae37020367a53b47f1ebee3b10a381a00208", size = 188443 },
]

[[package]]
name = "opentelemetry-util-http"
version = "0.53b1"
source = { registry = "https://pypi.org/simple" }
sdist = { url = "https://files.pythonhosted.org/packages/53/c6/89dd3bddadac2da18b4fe5704c8da00d81f7bf891a0e5f4e578197e65a39/opentelemetry_util_http-0.53b1.tar.gz", hash = "sha256:7b0356584400b3406a643e244d36ff1bbb7c95e3b5ed0509d212e4a11c050a0e", size = 8042 }
wheels = [
    { url = "https://files.pythonhosted.org/packages/82/f3/cd04c208fd50a60c7a521d33e6a17ff2949f81330ca2f086bcdbbd08dd8c/opentelemetry_util_http-0.53b1-py3-none-any.whl", hash = "sha256:ee7ecc1cbe4598535a95eaf7742f80c0c924843bf8f7ef3bab4963a228a94dd0", size = 7303 },
]

[[package]]
name = "packaging"
version = "25.0"
source = { registry = "https://pypi.org/simple" }
sdist = { url = "https://files.pythonhosted.org/packages/a1/d4/1fc4078c65507b51b96ca8f8c3ba19e6a61c8253c72794544580a7b6c24d/packaging-25.0.tar.gz", hash = "sha256:d443872c98d677bf60f6a1f2f8c1cb748e8fe762d2bf9d3148b5599295b0fc4f", size = 165727 }
wheels = [
    { url = "https://files.pythonhosted.org/packages/20/12/38679034af332785aac8774540895e234f4d07f7545804097de4b666afd8/packaging-25.0-py3-none-any.whl", hash = "sha256:29572ef2b1f17581046b3a2227d5c611fb25ec70ca1ba8554b24b0e69331a484", size = 66469 },
]

[[package]]
name = "prometheus-client"
version = "0.22.1"
source = { registry = "https://pypi.org/simple" }
sdist = { url = "https://files.pythonhosted.org/packages/5e/cf/40dde0a2be27cc1eb41e333d1a674a74ce8b8b0457269cc640fd42b07cf7/prometheus_client-0.22.1.tar.gz", hash = "sha256:190f1331e783cf21eb60bca559354e0a4d4378facecf78f5428c39b675d20d28", size = 69746 }
wheels = [
    { url = "https://files.pythonhosted.org/packages/32/ae/ec06af4fe3ee72d16973474f122541746196aaa16cea6f66d18b963c6177/prometheus_client-0.22.1-py3-none-any.whl", hash = "sha256:cca895342e308174341b2cbf99a56bef291fbc0ef7b9e5412a0f26d653ba7094", size = 58694 },
]

[[package]]
name = "prometheus-fastapi-instrumentator"
version = "7.1.0"
source = { registry = "https://pypi.org/simple" }
dependencies = [
    { name = "prometheus-client" },
    { name = "starlette" },
]
sdist = { url = "https://files.pythonhosted.org/packages/69/6d/24d53033cf93826aa7857699a4450c1c67e5b9c710e925b1ed2b320c04df/prometheus_fastapi_instrumentator-7.1.0.tar.gz", hash = "sha256:be7cd61eeea4e5912aeccb4261c6631b3f227d8924542d79eaf5af3f439cbe5e", size = 20220 }
wheels = [
    { url = "https://files.pythonhosted.org/packages/27/72/0824c18f3bc75810f55dacc2dd933f6ec829771180245ae3cc976195dec0/prometheus_fastapi_instrumentator-7.1.0-py3-none-any.whl", hash = "sha256:978130f3c0bb7b8ebcc90d35516a6fe13e02d2eb358c8f83887cdef7020c31e9", size = 19296 },
]

[[package]]
name = "protobuf"
version = "5.29.5"
source = { registry = "https://pypi.org/simple" }
sdist = { url = "https://files.pythonhosted.org/packages/43/29/d09e70352e4e88c9c7a198d5645d7277811448d76c23b00345670f7c8a38/protobuf-5.29.5.tar.gz", hash = "sha256:bc1463bafd4b0929216c35f437a8e28731a2b7fe3d98bb77a600efced5a15c84", size = 425226 }
wheels = [
    { url = "https://files.pythonhosted.org/packages/5f/11/6e40e9fc5bba02988a214c07cf324595789ca7820160bfd1f8be96e48539/protobuf-5.29.5-cp310-abi3-win32.whl", hash = "sha256:3f1c6468a2cfd102ff4703976138844f78ebd1fb45f49011afc5139e9e283079", size = 422963 },
    { url = "https://files.pythonhosted.org/packages/81/7f/73cefb093e1a2a7c3ffd839e6f9fcafb7a427d300c7f8aef9c64405d8ac6/protobuf-5.29.5-cp310-abi3-win_amd64.whl", hash = "sha256:3f76e3a3675b4a4d867b52e4a5f5b78a2ef9565549d4037e06cf7b0942b1d3fc", size = 434818 },
    { url = "https://files.pythonhosted.org/packages/dd/73/10e1661c21f139f2c6ad9b23040ff36fee624310dc28fba20d33fdae124c/protobuf-5.29.5-cp38-abi3-macosx_10_9_universal2.whl", hash = "sha256:e38c5add5a311f2a6eb0340716ef9b039c1dfa428b28f25a7838ac329204a671", size = 418091 },
    { url = "https://files.pythonhosted.org/packages/6c/04/98f6f8cf5b07ab1294c13f34b4e69b3722bb609c5b701d6c169828f9f8aa/protobuf-5.29.5-cp38-abi3-manylinux2014_aarch64.whl", hash = "sha256:fa18533a299d7ab6c55a238bf8629311439995f2e7eca5caaff08663606e9015", size = 319824 },
    { url = "https://files.pythonhosted.org/packages/85/e4/07c80521879c2d15f321465ac24c70efe2381378c00bf5e56a0f4fbac8cd/protobuf-5.29.5-cp38-abi3-manylinux2014_x86_64.whl", hash = "sha256:63848923da3325e1bf7e9003d680ce6e14b07e55d0473253a690c3a8b8fd6e61", size = 319942 },
    { url = "https://files.pythonhosted.org/packages/7e/cc/7e77861000a0691aeea8f4566e5d3aa716f2b1dece4a24439437e41d3d25/protobuf-5.29.5-py3-none-any.whl", hash = "sha256:6cf42630262c59b2d8de33954443d94b746c952b01434fc58a417fdbd2e84bd5", size = 172823 },
]

[[package]]
name = "pydantic"
version = "2.11.5"
source = { registry = "https://pypi.org/simple" }
dependencies = [
    { name = "annotated-types" },
    { name = "pydantic-core" },
    { name = "typing-extensions" },
    { name = "typing-inspection" },
]
sdist = { url = "https://files.pythonhosted.org/packages/f0/86/8ce9040065e8f924d642c58e4a344e33163a07f6b57f836d0d734e0ad3fb/pydantic-2.11.5.tar.gz", hash = "sha256:7f853db3d0ce78ce8bbb148c401c2cdd6431b3473c0cdff2755c7690952a7b7a", size = 787102 }
wheels = [
    { url = "https://files.pythonhosted.org/packages/b5/69/831ed22b38ff9b4b64b66569f0e5b7b97cf3638346eb95a2147fdb49ad5f/pydantic-2.11.5-py3-none-any.whl", hash = "sha256:f9c26ba06f9747749ca1e5c94d6a85cb84254577553c8785576fd38fa64dc0f7", size = 444229 },
]

[[package]]
name = "pydantic-core"
version = "2.33.2"
source = { registry = "https://pypi.org/simple" }
dependencies = [
    { name = "typing-extensions" },
]
sdist = { url = "https://files.pythonhosted.org/packages/ad/88/5f2260bdfae97aabf98f1778d43f69574390ad787afb646292a638c923d4/pydantic_core-2.33.2.tar.gz", hash = "sha256:7cb8bc3605c29176e1b105350d2e6474142d7c1bd1d9327c4a9bdb46bf827acc", size = 435195 }
wheels = [
    { url = "https://files.pythonhosted.org/packages/18/8a/2b41c97f554ec8c71f2a8a5f85cb56a8b0956addfe8b0efb5b3d77e8bdc3/pydantic_core-2.33.2-cp312-cp312-macosx_10_12_x86_64.whl", hash = "sha256:a7ec89dc587667f22b6a0b6579c249fca9026ce7c333fc142ba42411fa243cdc", size = 2009000 },
    { url = "https://files.pythonhosted.org/packages/a1/02/6224312aacb3c8ecbaa959897af57181fb6cf3a3d7917fd44d0f2917e6f2/pydantic_core-2.33.2-cp312-cp312-macosx_11_0_arm64.whl", hash = "sha256:3c6db6e52c6d70aa0d00d45cdb9b40f0433b96380071ea80b09277dba021ddf7", size = 1847996 },
    { url = "https://files.pythonhosted.org/packages/d6/46/6dcdf084a523dbe0a0be59d054734b86a981726f221f4562aed313dbcb49/pydantic_core-2.33.2-cp312-cp312-manylinux_2_17_aarch64.manylinux2014_aarch64.whl", hash = "sha256:4e61206137cbc65e6d5256e1166f88331d3b6238e082d9f74613b9b765fb9025", size = 1880957 },
    { url = "https://files.pythonhosted.org/packages/ec/6b/1ec2c03837ac00886ba8160ce041ce4e325b41d06a034adbef11339ae422/pydantic_core-2.33.2-cp312-cp312-manylinux_2_17_armv7l.manylinux2014_armv7l.whl", hash = "sha256:eb8c529b2819c37140eb51b914153063d27ed88e3bdc31b71198a198e921e011", size = 1964199 },
    { url = "https://files.pythonhosted.org/packages/2d/1d/6bf34d6adb9debd9136bd197ca72642203ce9aaaa85cfcbfcf20f9696e83/pydantic_core-2.33.2-cp312-cp312-manylinux_2_17_ppc64le.manylinux2014_ppc64le.whl", hash = "sha256:c52b02ad8b4e2cf14ca7b3d918f3eb0ee91e63b3167c32591e57c4317e134f8f", size = 2120296 },
    { url = "https://files.pythonhosted.org/packages/e0/94/2bd0aaf5a591e974b32a9f7123f16637776c304471a0ab33cf263cf5591a/pydantic_core-2.33.2-cp312-cp312-manylinux_2_17_s390x.manylinux2014_s390x.whl", hash = "sha256:96081f1605125ba0855dfda83f6f3df5ec90c61195421ba72223de35ccfb2f88", size = 2676109 },
    { url = "https://files.pythonhosted.org/packages/f9/41/4b043778cf9c4285d59742281a769eac371b9e47e35f98ad321349cc5d61/pydantic_core-2.33.2-cp312-cp312-manylinux_2_17_x86_64.manylinux2014_x86_64.whl", hash = "sha256:8f57a69461af2a5fa6e6bbd7a5f60d3b7e6cebb687f55106933188e79ad155c1", size = 2002028 },
    { url = "https://files.pythonhosted.org/packages/cb/d5/7bb781bf2748ce3d03af04d5c969fa1308880e1dca35a9bd94e1a96a922e/pydantic_core-2.33.2-cp312-cp312-manylinux_2_5_i686.manylinux1_i686.whl", hash = "sha256:572c7e6c8bb4774d2ac88929e3d1f12bc45714ae5ee6d9a788a9fb35e60bb04b", size = 2100044 },
    { url = "https://files.pythonhosted.org/packages/fe/36/def5e53e1eb0ad896785702a5bbfd25eed546cdcf4087ad285021a90ed53/pydantic_core-2.33.2-cp312-cp312-musllinux_1_1_aarch64.whl", hash = "sha256:db4b41f9bd95fbe5acd76d89920336ba96f03e149097365afe1cb092fceb89a1", size = 2058881 },
    { url = "https://files.pythonhosted.org/packages/01/6c/57f8d70b2ee57fc3dc8b9610315949837fa8c11d86927b9bb044f8705419/pydantic_core-2.33.2-cp312-cp312-musllinux_1_1_armv7l.whl", hash = "sha256:fa854f5cf7e33842a892e5c73f45327760bc7bc516339fda888c75ae60edaeb6", size = 2227034 },
    { url = "https://files.pythonhosted.org/packages/27/b9/9c17f0396a82b3d5cbea4c24d742083422639e7bb1d5bf600e12cb176a13/pydantic_core-2.33.2-cp312-cp312-musllinux_1_1_x86_64.whl", hash = "sha256:5f483cfb75ff703095c59e365360cb73e00185e01aaea067cd19acffd2ab20ea", size = 2234187 },
    { url = "https://files.pythonhosted.org/packages/b0/6a/adf5734ffd52bf86d865093ad70b2ce543415e0e356f6cacabbc0d9ad910/pydantic_core-2.33.2-cp312-cp312-win32.whl", hash = "sha256:9cb1da0f5a471435a7bc7e439b8a728e8b61e59784b2af70d7c169f8dd8ae290", size = 1892628 },
    { url = "https://files.pythonhosted.org/packages/43/e4/5479fecb3606c1368d496a825d8411e126133c41224c1e7238be58b87d7e/pydantic_core-2.33.2-cp312-cp312-win_amd64.whl", hash = "sha256:f941635f2a3d96b2973e867144fde513665c87f13fe0e193c158ac51bfaaa7b2", size = 1955866 },
    { url = "https://files.pythonhosted.org/packages/0d/24/8b11e8b3e2be9dd82df4b11408a67c61bb4dc4f8e11b5b0fc888b38118b5/pydantic_core-2.33.2-cp312-cp312-win_arm64.whl", hash = "sha256:cca3868ddfaccfbc4bfb1d608e2ccaaebe0ae628e1416aeb9c4d88c001bb45ab", size = 1888894 },
]

[[package]]
name = "sniffio"
version = "1.3.1"
source = { registry = "https://pypi.org/simple" }
sdist = { url = "https://files.pythonhosted.org/packages/a2/87/a6771e1546d97e7e041b6ae58d80074f81b7d5121207425c964ddf5cfdbd/sniffio-1.3.1.tar.gz", hash = "sha256:f4324edc670a0f49750a81b895f35c3adb843cca46f0530f79fc1babb23789dc", size = 20372 }
wheels = [
    { url = "https://files.pythonhosted.org/packages/e9/44/75a9c9421471a6c4805dbf2356f7c181a29c1879239abab1ea2cc8f38b40/sniffio-1.3.1-py3-none-any.whl", hash = "sha256:2f6da418d1f1e0fddd844478f41680e794e6051915791a034ff65e5f100525a2", size = 10235 },
]

[[package]]
name = "starlette"
version = "0.46.2"
source = { registry = "https://pypi.org/simple" }
dependencies = [
    { name = "anyio" },
]
sdist = { url = "https://files.pythonhosted.org/packages/ce/20/08dfcd9c983f6a6f4a1000d934b9e6d626cff8d2eeb77a89a68eef20a2b7/starlette-0.46.2.tar.gz", hash = "sha256:7f7361f34eed179294600af672f565727419830b54b7b084efe44bb82d2fccd5", size = 2580846 }
wheels = [
    { url = "https://files.pythonhosted.org/packages/8b/0c/9d30a4ebeb6db2b25a841afbb80f6ef9a854fc3b41be131d249a977b4959/starlette-0.46.2-py3-none-any.whl", hash = "sha256:595633ce89f8ffa71a015caed34a5b2dc1c0cdb3f0f1fbd1e69339cf2abeec35", size = 72037 },
]

[[package]]
name = "typing-extensions"
version = "4.14.0"
source = { registry = "https://pypi.org/simple" }
sdist = { url = "https://files.pythonhosted.org/packages/d1/bc/51647cd02527e87d05cb083ccc402f93e441606ff1f01739a62c8ad09ba5/typing_extensions-4.14.0.tar.gz", hash = "sha256:8676b788e32f02ab42d9e7c61324048ae4c6d844a399eebace3d4979d75ceef4", size = 107423 }
wheels = [
    { url = "https://files.pythonhosted.org/packages/69/e0/552843e0d356fbb5256d21449fa957fa4eff3bbc135a74a691ee70c7c5da/typing_extensions-4.14.0-py3-none-any.whl", hash = "sha256:a1514509136dd0b477638fc68d6a91497af5076466ad0fa6c338e44e359944af", size = 43839 },
]

[[package]]
name = "typing-inspection"
version = "0.4.1"
source = { registry = "https://pypi.org/simple" }
dependencies = [
    { name = "typing-extensions" },
]
sdist = { url = "https://files.pythonhosted.org/packages/f8/b1/0c11f5058406b3af7609f121aaa6b609744687f1d158b3c3a5bf4cc94238/typing_inspection-0.4.1.tar.gz", hash = "sha256:6ae134cc0203c33377d43188d4064e9b357dba58cff3185f22924610e70a9d28", size = 75726 }
wheels = [
    { url = "https://files.pythonhosted.org/packages/17/69/cd203477f944c353c31bade965f880aa1061fd6bf05ded0726ca845b6ff7/typing_inspection-0.4.1-py3-none-any.whl", hash = "sha256:389055682238f53b04f7badcb49b989835495a96700ced5dab2d8feae4b26f51", size = 14552 },
]

[[package]]
name = "uvicorn"
version = "0.34.3"
source = { registry = "https://pypi.org/simple" }
dependencies = [
    { name = "click" },
    { name = "h11" },
]
sdist = { url = "https://files.pythonhosted.org/packages/de/ad/713be230bcda622eaa35c28f0d328c3675c371238470abdea52417f17a8e/uvicorn-0.34.3.tar.gz", hash = "sha256:35919a9a979d7a59334b6b10e05d77c1d0d574c50e0fc98b8b1a0f165708b55a", size = 76631 }
wheels = [
    { url = "https://files.pythonhosted.org/packages/6d/0d/8adfeaa62945f90d19ddc461c55f4a50c258af7662d34b6a3d5d1f8646f6/uvicorn-0.34.3-py3-none-any.whl", hash = "sha256:16246631db62bdfbf069b0645177d6e8a77ba950cfedbfd093acef9444e4d885", size = 62431 },
]

[[package]]
name = "wrapt"
version = "1.17.2"
source = { registry = "https://pypi.org/simple" }
sdist = { url = "https://files.pythonhosted.org/packages/c3/fc/e91cc220803d7bc4db93fb02facd8461c37364151b8494762cc88b0fbcef/wrapt-1.17.2.tar.gz", hash = "sha256:41388e9d4d1522446fe79d3213196bd9e3b301a336965b9e27ca2788ebd122f3", size = 55531 }
wheels = [
    { url = "https://files.pythonhosted.org/packages/a1/bd/ab55f849fd1f9a58ed7ea47f5559ff09741b25f00c191231f9f059c83949/wrapt-1.17.2-cp312-cp312-macosx_10_13_universal2.whl", hash = "sha256:d5e2439eecc762cd85e7bd37161d4714aa03a33c5ba884e26c81559817ca0925", size = 53799 },
    { url = "https://files.pythonhosted.org/packages/53/18/75ddc64c3f63988f5a1d7e10fb204ffe5762bc663f8023f18ecaf31a332e/wrapt-1.17.2-cp312-cp312-macosx_10_13_x86_64.whl", hash = "sha256:3fc7cb4c1c744f8c05cd5f9438a3caa6ab94ce8344e952d7c45a8ed59dd88392", size = 38821 },
    { url = "https://files.pythonhosted.org/packages/48/2a/97928387d6ed1c1ebbfd4efc4133a0633546bec8481a2dd5ec961313a1c7/wrapt-1.17.2-cp312-cp312-macosx_11_0_arm64.whl", hash = "sha256:8fdbdb757d5390f7c675e558fd3186d590973244fab0c5fe63d373ade3e99d40", size = 38919 },
    { url = "https://files.pythonhosted.org/packages/73/54/3bfe5a1febbbccb7a2f77de47b989c0b85ed3a6a41614b104204a788c20e/wrapt-1.17.2-cp312-cp312-manylinux_2_17_aarch64.manylinux2014_aarch64.whl", hash = "sha256:5bb1d0dbf99411f3d871deb6faa9aabb9d4e744d67dcaaa05399af89d847a91d", size = 88721 },
    { url = "https://files.pythonhosted.org/packages/25/cb/7262bc1b0300b4b64af50c2720ef958c2c1917525238d661c3e9a2b71b7b/wrapt-1.17.2-cp312-cp312-manylinux_2_5_i686.manylinux1_i686.manylinux_2_17_i686.manylinux2014_i686.whl", hash = "sha256:d18a4865f46b8579d44e4fe1e2bcbc6472ad83d98e22a26c963d46e4c125ef0b", size = 80899 },
    { url = "https://files.pythonhosted.org/packages/2a/5a/04cde32b07a7431d4ed0553a76fdb7a61270e78c5fd5a603e190ac389f14/wrapt-1.17.2-cp312-cp312-manylinux_2_5_x86_64.manylinux1_x86_64.manylinux_2_17_x86_64.manylinux2014_x86_64.whl", hash = "sha256:bc570b5f14a79734437cb7b0500376b6b791153314986074486e0b0fa8d71d98", size = 89222 },
    { url = "https://files.pythonhosted.org/packages/09/28/2e45a4f4771fcfb109e244d5dbe54259e970362a311b67a965555ba65026/wrapt-1.17.2-cp312-cp312-musllinux_1_2_aarch64.whl", hash = "sha256:6d9187b01bebc3875bac9b087948a2bccefe464a7d8f627cf6e48b1bbae30f82", size = 86707 },
    { url = "https://files.pythonhosted.org/packages/c6/d2/dcb56bf5f32fcd4bd9aacc77b50a539abdd5b6536872413fd3f428b21bed/wrapt-1.17.2-cp312-cp312-musllinux_1_2_i686.whl", hash = "sha256:9e8659775f1adf02eb1e6f109751268e493c73716ca5761f8acb695e52a756ae", size = 79685 },
    { url = "https://files.pythonhosted.org/packages/80/4e/eb8b353e36711347893f502ce91c770b0b0929f8f0bed2670a6856e667a9/wrapt-1.17.2-cp312-cp312-musllinux_1_2_x86_64.whl", hash = "sha256:e8b2816ebef96d83657b56306152a93909a83f23994f4b30ad4573b00bd11bb9", size = 87567 },
    { url = "https://files.pythonhosted.org/packages/17/27/4fe749a54e7fae6e7146f1c7d914d28ef599dacd4416566c055564080fe2/wrapt-1.17.2-cp312-cp312-win32.whl", hash = "sha256:468090021f391fe0056ad3e807e3d9034e0fd01adcd3bdfba977b6fdf4213ea9", size = 36672 },
    { url = "https://files.pythonhosted.org/packages/15/06/1dbf478ea45c03e78a6a8c4be4fdc3c3bddea5c8de8a93bc971415e47f0f/wrapt-1.17.2-cp312-cp312-win_amd64.whl", hash = "sha256:ec89ed91f2fa8e3f52ae53cd3cf640d6feff92ba90d62236a81e4e563ac0e991", size = 38865 },
    { url = "https://files.pythonhosted.org/packages/2d/82/f56956041adef78f849db6b289b282e72b55ab8045a75abad81898c28d19/wrapt-1.17.2-py3-none-any.whl", hash = "sha256:b18f2d1533a71f069c7f82d524a52599053d4c7166e9dd374ae2136b7f40f7c8", size = 23594 },
]

[[package]]
name = "zipp"
version = "3.23.0"
source = { registry = "https://pypi.org/simple" }
sdist = { url = "https://files.pythonhosted.org/packages/e3/02/0f2892c661036d50ede074e376733dca2ae7c6eb617489437771209d4180/zipp-3.23.0.tar.gz", hash = "sha256:a07157588a12518c9d4034df3fbbee09c814741a33ff63c05fa29d26a2404166", size = 25547 }
wheels = [
    { url = "https://files.pythonhosted.org/packages/2e/54/647ade08bf0db230bfea292f893923872fd20be6ac6f53b2b936ba839d75/zipp-3.23.0-py3-none-any.whl", hash = "sha256:071652d6115ed432f5ce1d34c336c0adfd6a884660d1e9712a256d3d3bd4b14e", size = 10276 },
]
